<?xml version="1.0" encoding="utf-8"?>
<Project ToolsVersion="17.0" xmlns="http://schemas.microsoft.com/developer/msbuild/2003">
  <ItemGroup>
    <CustomBuild Include="E:\McMaster University\NASOQ-Coding-Task\nasoq\CMakeFiles\dff9166b89636ce2954e864b5df21cfa\INSTALL_force.rule">
      <Filter>CMake Rules</Filter>
    </CustomBuild>
  </ItemGroup>
  <ItemGroup>
    <Filter Include="CMake Rules">
      <UniqueIdentifier>{F4D10EE3-4D35-39E2-BAAE-3F84D1FA8A39}</UniqueIdentifier>
    </Filter>
  </ItemGroup>
</Project>
