<?xml version="1.0" encoding="utf-8"?>
<Project ToolsVersion="17.0" xmlns="http://schemas.microsoft.com/developer/msbuild/2003">
  <ItemGroup>
    <ClCompile Include="E:\McMaster University\NASOQ-Coding-Task\nasoq\examples\lbl_somod_main.cpp">
      <Filter>Source Files</Filter>
    </ClCompile>
  </ItemGroup>
  <ItemGroup>
    <CustomBuild Include="E:\McMaster University\NASOQ-Coding-Task\nasoq\examples\CMakeLists.txt" />
  </ItemGroup>
  <ItemGroup>
    <Natvis Include="E:\McMaster University\NASOQ-Coding-Task\nasoq\_deps\eigen-src\debug\msvc\eigen.natvis" />
  </ItemGroup>
  <ItemGroup>
    <Filter Include="Source Files">
      <UniqueIdentifier>{2109B56C-EE97-3998-9968-C9D6F3B7CBAC}</UniqueIdentifier>
    </Filter>
  </ItemGroup>
</Project>
